
Microsoft Visual Studio Solution File, Format Version 12.00
# Visual Studio 15
VisualStudioVersion = 15.0.28010.2036
MinimumVisualStudioVersion = 10.0.40219.1
Project("{9A19103F-16F7-4668-BE54-9A1E7A4F7556}") = "FluentdDotNetCoreTest", "FluentdDotNetCoreTest.csproj", "{5082B81C-F9B9-40AD-8D3F-162F25E12A57}"
EndProject
Global
	GlobalSection(SolutionConfigurationPlatforms) = preSolution
		Debug|Any CPU = Debug|Any CPU
		Release|Any CPU = Release|Any CPU
	EndGlobalSection
	GlobalSection(ProjectConfigurationPlatforms) = postSolution
		{5082B81C-F9B9-40AD-8D3F-162F25E12A57}.Debug|Any CPU.ActiveCfg = Debug|Any CPU
		{5082B81C-F9B9-40AD-8D3F-162F25E12A57}.Debug|Any CPU.Build.0 = Debug|Any CPU
		{5082B81C-F9B9-40AD-8D3F-162F25E12A57}.Release|Any CPU.ActiveCfg = Release|Any CPU
		{5082B81C-F9B9-40AD-8D3F-162F25E12A57}.Release|Any CPU.Build.0 = Release|Any CPU
	EndGlobalSection
	GlobalSection(SolutionProperties) = preSolution
		HideSolutionNode = FALSE
	EndGlobalSection
	GlobalSection(ExtensibilityGlobals) = postSolution
		SolutionGuid = {5C6B1828-FD6B-4011-BB00-182E0F4FFE79}
	EndGlobalSection
EndGlobal
